
Microsoft Visual Studio Solution File, Format Version 12.00
# Visual Studio Version 17
VisualStudioVersion = 17.13.35818.85
MinimumVisualStudioVersion = 10.0.40219.1
Project("{2150E333-8FDC-42A3-9474-1A3956D46DE8}") = "Aplicacion", "Aplicacion", "{02EA681E-C7D8-13C7-8484-4AC65E1B71E8}"
EndProject
Project("{2150E333-8FDC-42A3-9474-1A3956D46DE8}") = "Dominion", "Dominion", "{F1E4DBA8-1C23-45B9-A699-D77DF52A9CC6}"
EndProject
Project("{2150E333-8FDC-42A3-9474-1A3956D46DE8}") = "Infraestructura", "Infraestructura", "{5590B249-7020-4EA5-8CFD-398986543EF7}"
EndProject
Project("{2150E333-8FDC-42A3-9474-1A3956D46DE8}") = "Logging", "Logging", "{F8FC1864-F564-4463-9B03-10260633C2C1}"
EndProject
Project("{2150E333-8FDC-42A3-9474-1A3956D46DE8}") = "Servicios", "Servicios", "{C3E16D37-50BE-4937-AFC8-C02E5C5EDE26}"
EndProject
Project("{2150E333-8FDC-42A3-9474-1A3956D46DE8}") = "Tests", "Tests", "{24458B5B-F087-410F-BADD-2507579ECEEA}"
EndProject
Project("{FAE04EC0-301F-11D3-BF4B-00C04F79EFBC}") = "GI.Aplicacion", "GI.Aplicacion\GI.Aplicacion.csproj", "{6723074E-8405-4F97-9B21-39A57A7892FC}"
EndProject
Project("{FAE04EC0-301F-11D3-BF4B-00C04F79EFBC}") = "GI.Validadores", "GI.Validadores\GI.Validadores.csproj", "{5FD7043C-890C-4A47-A037-CC33DD9DF789}"
EndProject
Project("{FAE04EC0-301F-11D3-BF4B-00C04F79EFBC}") = "GI.Dominio", "GI.Dominion\GI.Dominio.csproj", "{6225567F-129E-4064-B0FE-BC5131C774AD}"
EndProject
Project("{FAE04EC0-301F-11D3-BF4B-00C04F79EFBC}") = "GI.Infraestructura", "GI.Infraestructura\GI.Infraestructura.csproj", "{871370D9-F8A7-428B-9ABB-69DFAF70AEA6}"
EndProject
Project("{FAE04EC0-301F-11D3-BF4B-00C04F79EFBC}") = "GI.Logging", "GI.Logging\GI.Logging.csproj", "{931DD2A9-4855-4320-A710-3B4B7A60582C}"
EndProject
Project("{FAE04EC0-301F-11D3-BF4B-00C04F79EFBC}") = "GI.Api", "GI.Api\GI.Api.csproj", "{4E12472B-7A69-4A3E-BEAE-865E7CDAC850}"
EndProject
Project("{FAE04EC0-301F-11D3-BF4B-00C04F79EFBC}") = "GI.Api.Tests", "GI.Api.Tests\GI.Api.Tests.csproj", "{E0516963-AA00-4CAD-AD02-58BFB052CFD6}"
EndProject
Global
	GlobalSection(SolutionConfigurationPlatforms) = preSolution
		Debug|Any CPU = Debug|Any CPU
		Release|Any CPU = Release|Any CPU
	EndGlobalSection
	GlobalSection(ProjectConfigurationPlatforms) = postSolution
		{6723074E-8405-4F97-9B21-39A57A7892FC}.Debug|Any CPU.ActiveCfg = Debug|Any CPU
		{6723074E-8405-4F97-9B21-39A57A7892FC}.Debug|Any CPU.Build.0 = Debug|Any CPU
		{6723074E-8405-4F97-9B21-39A57A7892FC}.Release|Any CPU.ActiveCfg = Release|Any CPU
		{6723074E-8405-4F97-9B21-39A57A7892FC}.Release|Any CPU.Build.0 = Release|Any CPU
		{5FD7043C-890C-4A47-A037-CC33DD9DF789}.Debug|Any CPU.ActiveCfg = Debug|Any CPU
		{5FD7043C-890C-4A47-A037-CC33DD9DF789}.Debug|Any CPU.Build.0 = Debug|Any CPU
		{5FD7043C-890C-4A47-A037-CC33DD9DF789}.Release|Any CPU.ActiveCfg = Release|Any CPU
		{5FD7043C-890C-4A47-A037-CC33DD9DF789}.Release|Any CPU.Build.0 = Release|Any CPU
		{6225567F-129E-4064-B0FE-BC5131C774AD}.Debug|Any CPU.ActiveCfg = Debug|Any CPU
		{6225567F-129E-4064-B0FE-BC5131C774AD}.Debug|Any CPU.Build.0 = Debug|Any CPU
		{6225567F-129E-4064-B0FE-BC5131C774AD}.Release|Any CPU.ActiveCfg = Release|Any CPU
		{6225567F-129E-4064-B0FE-BC5131C774AD}.Release|Any CPU.Build.0 = Release|Any CPU
		{871370D9-F8A7-428B-9ABB-69DFAF70AEA6}.Debug|Any CPU.ActiveCfg = Debug|Any CPU
		{871370D9-F8A7-428B-9ABB-69DFAF70AEA6}.Debug|Any CPU.Build.0 = Debug|Any CPU
		{871370D9-F8A7-428B-9ABB-69DFAF70AEA6}.Release|Any CPU.ActiveCfg = Release|Any CPU
		{871370D9-F8A7-428B-9ABB-69DFAF70AEA6}.Release|Any CPU.Build.0 = Release|Any CPU
		{931DD2A9-4855-4320-A710-3B4B7A60582C}.Debug|Any CPU.ActiveCfg = Debug|Any CPU
		{931DD2A9-4855-4320-A710-3B4B7A60582C}.Debug|Any CPU.Build.0 = Debug|Any CPU
		{931DD2A9-4855-4320-A710-3B4B7A60582C}.Release|Any CPU.ActiveCfg = Release|Any CPU
		{931DD2A9-4855-4320-A710-3B4B7A60582C}.Release|Any CPU.Build.0 = Release|Any CPU
		{4E12472B-7A69-4A3E-BEAE-865E7CDAC850}.Debug|Any CPU.ActiveCfg = Debug|Any CPU
		{4E12472B-7A69-4A3E-BEAE-865E7CDAC850}.Debug|Any CPU.Build.0 = Debug|Any CPU
		{4E12472B-7A69-4A3E-BEAE-865E7CDAC850}.Release|Any CPU.ActiveCfg = Release|Any CPU
		{4E12472B-7A69-4A3E-BEAE-865E7CDAC850}.Release|Any CPU.Build.0 = Release|Any CPU
		{E0516963-AA00-4CAD-AD02-58BFB052CFD6}.Debug|Any CPU.ActiveCfg = Debug|Any CPU
		{E0516963-AA00-4CAD-AD02-58BFB052CFD6}.Debug|Any CPU.Build.0 = Debug|Any CPU
		{E0516963-AA00-4CAD-AD02-58BFB052CFD6}.Release|Any CPU.ActiveCfg = Release|Any CPU
		{E0516963-AA00-4CAD-AD02-58BFB052CFD6}.Release|Any CPU.Build.0 = Release|Any CPU
	EndGlobalSection
	GlobalSection(SolutionProperties) = preSolution
		HideSolutionNode = FALSE
	EndGlobalSection
	GlobalSection(NestedProjects) = preSolution
		{6723074E-8405-4F97-9B21-39A57A7892FC} = {02EA681E-C7D8-13C7-8484-4AC65E1B71E8}
		{5FD7043C-890C-4A47-A037-CC33DD9DF789} = {02EA681E-C7D8-13C7-8484-4AC65E1B71E8}
		{6225567F-129E-4064-B0FE-BC5131C774AD} = {F1E4DBA8-1C23-45B9-A699-D77DF52A9CC6}
		{871370D9-F8A7-428B-9ABB-69DFAF70AEA6} = {5590B249-7020-4EA5-8CFD-398986543EF7}
		{931DD2A9-4855-4320-A710-3B4B7A60582C} = {F8FC1864-F564-4463-9B03-10260633C2C1}
		{4E12472B-7A69-4A3E-BEAE-865E7CDAC850} = {C3E16D37-50BE-4937-AFC8-C02E5C5EDE26}
		{E0516963-AA00-4CAD-AD02-58BFB052CFD6} = {24458B5B-F087-410F-BADD-2507579ECEEA}
	EndGlobalSection
	GlobalSection(ExtensibilityGlobals) = postSolution
		SolutionGuid = {FA32713C-AC10-4E36-AA11-DB9D4E9A448A}
	EndGlobalSection
EndGlobal
